
Microsoft Visual Studio Solution File, Format Version 12.00
# Visual Studio Version 16
VisualStudioVersion = 16.0.32228.343
MinimumVisualStudioVersion = 10.0.40219.1
Project("{FAE04EC0-301F-11D3-BF4B-00C04F79EFBC}") = "App5.Android", "App5\App5.Android\App5.Android.csproj", "{4258B110-B6DD-49D4-A06F-975E731D1A38}"
EndProject
Project("{FAE04EC0-301F-11D3-BF4B-00C04F79EFBC}") = "App5", "App5\App5\App5.csproj", "{2E05EEE6-6708-4EE3-9DDA-36FB596B61A3}"
EndProject
Global
	GlobalSection(SolutionConfigurationPlatforms) = preSolution
		Debug|Any CPU = Debug|Any CPU
		Release|Any CPU = Release|Any CPU
	EndGlobalSection
	GlobalSection(ProjectConfigurationPlatforms) = postSolution
		{4258B110-B6DD-49D4-A06F-975E731D1A38}.Debug|Any CPU.ActiveCfg = Debug|Any CPU
		{4258B110-B6DD-49D4-A06F-975E731D1A38}.Debug|Any CPU.Build.0 = Debug|Any CPU
		{4258B110-B6DD-49D4-A06F-975E731D1A38}.Debug|Any CPU.Deploy.0 = Debug|Any CPU
		{4258B110-B6DD-49D4-A06F-975E731D1A38}.Release|Any CPU.ActiveCfg = Release|Any CPU
		{4258B110-B6DD-49D4-A06F-975E731D1A38}.Release|Any CPU.Build.0 = Release|Any CPU
		{4258B110-B6DD-49D4-A06F-975E731D1A38}.Release|Any CPU.Deploy.0 = Release|Any CPU
		{2E05EEE6-6708-4EE3-9DDA-36FB596B61A3}.Debug|Any CPU.ActiveCfg = Debug|Any CPU
		{2E05EEE6-6708-4EE3-9DDA-36FB596B61A3}.Debug|Any CPU.Build.0 = Debug|Any CPU
		{2E05EEE6-6708-4EE3-9DDA-36FB596B61A3}.Debug|Any CPU.Deploy.0 = Debug|Any CPU
		{2E05EEE6-6708-4EE3-9DDA-36FB596B61A3}.Release|Any CPU.ActiveCfg = Release|Any CPU
		{2E05EEE6-6708-4EE3-9DDA-36FB596B61A3}.Release|Any CPU.Build.0 = Release|Any CPU
		{2E05EEE6-6708-4EE3-9DDA-36FB596B61A3}.Release|Any CPU.Deploy.0 = Release|Any CPU
	EndGlobalSection
	GlobalSection(SolutionProperties) = preSolution
		HideSolutionNode = FALSE
	EndGlobalSection
	GlobalSection(ExtensibilityGlobals) = postSolution
		SolutionGuid = {82D2FAF9-0981-4BDB-9020-A6754D1EEDC9}
	EndGlobalSection
EndGlobal
